// !$*UTF8*$!
{
	archiveVersion = 1;
	classes = {
	};
	objectVersion = 50;
	objects = {

/* Begin PBXBuildFile section */
		C320051F20B31C1B008444E6 /* CoreData.swift in Sources */ = {isa = PBXBuildFile; fileRef = C320051E20B31C1B008444E6 /* CoreData.swift */; };
		C320052520B3FE68008444E6 /* EditViewController.swift in Sources */ = {isa = PBXBuildFile; fileRef = C320052420B3FE68008444E6 /* EditViewController.swift */; };
		C33B52F220B1A82B009D602A /* AppDelegate.swift in Sources */ = {isa = PBXBuildFile; fileRef = C33B52F120B1A82B009D602A /* AppDelegate.swift */; };
		C33B52F420B1A82B009D602A /* ViewController.swift in Sources */ = {isa = PBXBuildFile; fileRef = C33B52F320B1A82B009D602A /* ViewController.swift */; };
		C33B52F720B1A82B009D602A /* Main.storyboard in Resources */ = {isa = PBXBuildFile; fileRef = C33B52F520B1A82B009D602A /* Main.storyboard */; };
		C33B52FA20B1A82B009D602A /* IZA.xcdatamodeld in Sources */ = {isa = PBXBuildFile; fileRef = C33B52F820B1A82B009D602A /* IZA.xcdatamodeld */; };
		C33B52FC20B1A82C009D602A /* Assets.xcassets in Resources */ = {isa = PBXBuildFile; fileRef = C33B52FB20B1A82C009D602A /* Assets.xcassets */; };
		C33B52FF20B1A82C009D602A /* LaunchScreen.storyboard in Resources */ = {isa = PBXBuildFile; fileRef = C33B52FD20B1A82C009D602A /* LaunchScreen.storyboard */; };
/* End PBXBuildFile section */

/* Begin PBXFileReference section */
		C320051E20B31C1B008444E6 /* CoreData.swift */ = {isa = PBXFileReference; lastKnownFileType = sourcecode.swift; path = CoreData.swift; sourceTree = "<group>"; };
		C320052420B3FE68008444E6 /* EditViewController.swift */ = {isa = PBXFileReference; lastKnownFileType = sourcecode.swift; path = EditViewController.swift; sourceTree = "<group>"; };
		C33B52EE20B1A82B009D602A /* IZA.app */ = {isa = PBXFileReference; explicitFileType = wrapper.application; includeInIndex = 0; path = IZA.app; sourceTree = BUILT_PRODUCTS_DIR; };
		C33B52F120B1A82B009D602A /* AppDelegate.swift */ = {isa = PBXFileReference; lastKnownFileType = sourcecode.swift; path = AppDelegate.swift; sourceTree = "<group>"; };
		C33B52F320B1A82B009D602A /* ViewController.swift */ = {isa = PBXFileReference; lastKnownFileType = sourcecode.swift; path = ViewController.swift; sourceTree = "<group>"; };
		C33B52F620B1A82B009D602A /* Base */ = {isa = PBXFileReference; lastKnownFileType = file.storyboard; name = Base; path = Base.lproj/Main.storyboard; sourceTree = "<group>"; };
		C33B52F920B1A82B009D602A /* IZA.xcdatamodel */ = {isa = PBXFileReference; lastKnownFileType = wrapper.xcdatamodel; path = IZA.xcdatamodel; sourceTree = "<group>"; };
		C33B52FB20B1A82C009D602A /* Assets.xcassets */ = {isa = PBXFileReference; lastKnownFileType = folder.assetcatalog; path = Assets.xcassets; sourceTree = "<group>"; };
		C33B52FE20B1A82C009D602A /* Base */ = {isa = PBXFileReference; lastKnownFileType = file.storyboard; name = Base; path = Base.lproj/LaunchScreen.storyboard; sourceTree = "<group>"; };
		C33B530020B1A82C009D602A /* Info.plist */ = {isa = PBXFileReference; lastKnownFileType = text.plist.xml; path = Info.plist; sourceTree = "<group>"; };
/* End PBXFileReference section */

/* Begin PBXFrameworksBuildPhase section */
		C33B52EB20B1A82B009D602A /* Frameworks */ = {
			isa = PBXFrameworksBuildPhase;
			buildActionMask = 2147483647;
			files = (
			);
			runOnlyForDeploymentPostprocessing = 0;
		};
/* End PBXFrameworksBuildPhase section */

/* Begin PBXGroup section */
		C33B52E520B1A82B009D602A = {
			isa = PBXGroup;
			children = (
				C33B52F020B1A82B009D602A /* IZA */,
				C33B52EF20B1A82B009D602A /* Products */,
			);
			sourceTree = "<group>";
		};
		C33B52EF20B1A82B009D602A /* Products */ = {
			isa = PBXGroup;
			children = (
				C33B52EE20B1A82B009D602A /* IZA.app */,
			);
			name = Products;
			sourceTree = "<group>";
		};
		C33B52F020B1A82B009D602A /* IZA */ = {
			isa = PBXGroup;
			children = (
				C33B52F120B1A82B009D602A /* AppDelegate.swift */,
				C33B52F320B1A82B009D602A /* ViewController.swift */,
				C320052420B3FE68008444E6 /* EditViewController.swift */,
				C33B52F520B1A82B009D602A /* Main.storyboard */,
				C33B52FB20B1A82C009D602A /* Assets.xcassets */,
				C33B52FD20B1A82C009D602A /* LaunchScreen.storyboard */,
				C33B530020B1A82C009D602A /* Info.plist */,
				C33B52F820B1A82B009D602A /* IZA.xcdatamodeld */,
				C320051E20B31C1B008444E6 /* CoreData.swift */,
			);
			path = IZA;
			sourceTree = "<group>";
		};
/* End PBXGroup section */

/* Begin PBXNativeTarget section */
		C33B52ED20B1A82B009D602A /* IZA */ = {
			isa = PBXNativeTarget;
			buildConfigurationList = C33B530320B1A82C009D602A /* Build configuration list for PBXNativeTarget "IZA" */;
			buildPhases = (
				C33B52EA20B1A82B009D602A /* Sources */,
				C33B52EB20B1A82B009D602A /* Frameworks */,
				C33B52EC20B1A82B009D602A /* Resources */,
			);
			buildRules = (
			);
			dependencies = (
			);
			name = IZA;
			productName = IZA;
			productReference = C33B52EE20B1A82B009D602A /* IZA.app */;
			productType = "com.apple.product-type.application";
		};
/* End PBXNativeTarget section */

/* Begin PBXProject section */
		C33B52E620B1A82B009D602A /* Project object */ = {
			isa = PBXProject;
			attributes = {
				LastSwiftUpdateCheck = 0930;
				LastUpgradeCheck = 0930;
				ORGANIZATIONNAME = "Tomas Lapsansky";
				TargetAttributes = {
					C33B52ED20B1A82B009D602A = {
						CreatedOnToolsVersion = 9.3.1;
					};
				};
			};
			buildConfigurationList = C33B52E920B1A82B009D602A /* Build configuration list for PBXProject "IZA" */;
			compatibilityVersion = "Xcode 9.3";
			developmentRegion = en;
			hasScannedForEncodings = 0;
			knownRegions = (
				en,
				Base,
			);
			mainGroup = C33B52E520B1A82B009D602A;
			productRefGroup = C33B52EF20B1A82B009D602A /* Products */;
			projectDirPath = "";
			projectRoot = "";
			targets = (
				C33B52ED20B1A82B009D602A /* IZA */,
			);
		};
/* End PBXProject section */

/* Begin PBXResourcesBuildPhase section */
		C33B52EC20B1A82B009D602A /* Resources */ = {
			isa = PBXResourcesBuildPhase;
			buildActionMask = 2147483647;
			files = (
				C33B52FF20B1A82C009D602A /* LaunchScreen.storyboard in Resources */,
				C33B52FC20B1A82C009D602A /* Assets.xcassets in Resources */,
				C33B52F720B1A82B009D602A /* Main.storyboard in Resources */,
			);
			runOnlyForDeploymentPostprocessing = 0;
		};
/* End PBXResourcesBuildPhase section */

/* Begin PBXSourcesBuildPhase section */
		C33B52EA20B1A82B009D602A /* Sources */ = {
			isa = PBXSourcesBuildPhase;
			buildActionMask = 2147483647;
			files = (
				C320052520B3FE68008444E6 /* EditViewController.swift in Sources */,
				C320051F20B31C1B008444E6 /* CoreData.swift in Sources */,
				C33B52F420B1A82B009D602A /* ViewController.swift in Sources */,
				C33B52FA20B1A82B009D602A /* IZA.xcdatamodeld in Sources */,
				C33B52F220B1A82B009D602A /* AppDelegate.swift in Sources */,
			);
			runOnlyForDeploymentPostprocessing = 0;
		};
/* End PBXSourcesBuildPhase section */

/* Begin PBXVariantGroup section */
		C33B52F520B1A82B009D602A /* Main.storyboard */ = {
			isa = PBXVariantGroup;
			children = (
				C33B52F620B1A82B009D602A /* Base */,
			);
			name = Main.storyboard;
			sourceTree = "<group>";
		};
		C33B52FD20B1A82C009D602A /* LaunchScreen.storyboard */ = {
			isa = PBXVariantGroup;
			children = (
				C33B52FE20B1A82C009D602A /* Base */,
			);
			name = LaunchScreen.storyboard;
			sourceTree = "<group>";
		};
/* End PBXVariantGroup section */

/* Begin XCBuildConfiguration section */
		C33B530120B1A82C009D602A /* Debug */ = {
			isa = XCBuildConfiguration;
			buildSettings = {
				ALWAYS_SEARCH_USER_PATHS = NO;
				CLANG_ANALYZER_NONNULL = YES;
				CLANG_ANALYZER_NUMBER_OBJECT_CONVERSION = YES_AGGRESSIVE;
				CLANG_CXX_LANGUAGE_STANDARD = "gnu++14";
				CLANG_CXX_LIBRARY = "libc++";
				CLANG_ENABLE_MODULES = YES;
				CLANG_ENABLE_OBJC_ARC = YES;
				CLANG_ENABLE_OBJC_WEAK = YES;
				CLANG_WARN_BLOCK_CAPTURE_AUTORELEASING = YES;
				CLANG_WARN_BOOL_CONVERSION = YES;
				CLANG_WARN_COMMA = YES;
				CLANG_WARN_CONSTANT_CONVERSION = YES;
				CLANG_WARN_DEPRECATED_OBJC_IMPLEMENTATIONS = YES;
				CLANG_WARN_DIRECT_OBJC_ISA_USAGE = YES_ERROR;
				CLANG_WARN_DOCUMENTATION_COMMENTS = YES;
				CLANG_WARN_EMPTY_BODY = YES;
				CLANG_WARN_ENUM_CONVERSION = YES;
				CLANG_WARN_INFINITE_RECURSION = YES;
				CLANG_WARN_INT_CONVERSION = YES;
				CLANG_WARN_NON_LITERAL_NULL_CONVERSION = YES;
				CLANG_WARN_OBJC_IMPLICIT_RETAIN_SELF = YES;
				CLANG_WARN_OBJC_LITERAL_CONVERSION = YES;
				CLANG_WARN_OBJC_ROOT_CLASS = YES_ERROR;
				CLANG_WARN_RANGE_LOOP_ANALYSIS = YES;
				CLANG_WARN_STRICT_PROTOTYPES = YES;
				CLANG_WARN_SUSPICIOUS_MOVE = YES;
				CLANG_WARN_UNGUARDED_AVAILABILITY = YES_AGGRESSIVE;
				CLANG_WARN_UNREACHABLE_CODE = YES;
				CLANG_WARN__DUPLICATE_METHOD_MATCH = YES;
				CODE_SIGN_IDENTITY = "iPhone Developer";
				COPY_PHASE_STRIP = NO;
				DEBUG_INFORMATION_FORMAT = dwarf;
				ENABLE_STRICT_OBJC_MSGSEND = YES;
				ENABLE_TESTABILITY = YES;
				GCC_C_LANGUAGE_STANDARD = gnu11;
				GCC_DYNAMIC_NO_PIC = NO;
				GCC_NO_COMMON_BLOCKS = YES;
				GCC_OPTIMIZATION_LEVEL = 0;
				GCC_PREPROCESSOR_DEFINITIONS = (
					"DEBUG=1",
					"$(inherited)",
				);
				GCC_WARN_64_TO_32_BIT_CONVERSION = YES;
				GCC_WARN_ABOUT_RETURN_TYPE = YES_ERROR;
				GCC_WARN_UNDECLARED_SELECTOR = YES;
				GCC_WARN_UNINITIALIZED_AUTOS = YES_AGGRESSIVE;
				GCC_WARN_UNUSED_FUNCTION = YES;
				GCC_WARN_UNUSED_VARIABLE = YES;
				IPHONEOS_DEPLOYMENT_TARGET = 11.3;
				MTL_ENABLE_DEBUG_INFO = YES;
				ONLY_ACTIVE_ARCH = YES;
				SDKROOT = iphoneos;
				SWIFT_ACTIVE_COMPILATION_CONDITIONS = DEBUG;
				SWIFT_OPTIMIZATION_LEVEL = "-Onone";
			};
			name = Debug;
		};
		C33B530220B1A82C009D602A /* Release */ = {
			isa = XCBuildConfiguration;
			buildSettings = {
				ALWAYS_SEARCH_USER_PATHS = NO;
				CLANG_ANALYZER_NONNULL = YES;
				CLANG_ANALYZER_NUMBER_OBJECT_CONVERSION = YES_AGGRESSIVE;
				CLANG_CXX_LANGUAGE_STANDARD = "gnu++14";
				CLANG_CXX_LIBRARY = "libc++";
				CLANG_ENABLE_MODULES = YES;
				CLANG_ENABLE_OBJC_ARC = YES;
				CLANG_ENABLE_OBJC_WEAK = YES;
				CLANG_WARN_BLOCK_CAPTURE_AUTORELEASING = YES;
				CLANG_WARN_BOOL_CONVERSION = YES;
				CLANG_WARN_COMMA = YES;
				CLANG_WARN_CONSTANT_CONVERSION = YES;
				CLANG_WARN_DEPRECATED_OBJC_IMPLEMENTATIONS = YES;
				CLANG_WARN_DIRECT_OBJC_ISA_USAGE = YES_ERROR;
				CLANG_WARN_DOCUMENTATION_COMMENTS = YES;
				CLANG_WARN_EMPTY_BODY = YES;
				CLANG_WARN_ENUM_CONVERSION = YES;
				CLANG_WARN_INFINITE_RECURSION = YES;
				CLANG_WARN_INT_CONVERSION = YES;
				CLANG_WARN_NON_LITERAL_NULL_CONVERSION = YES;
				CLANG_WARN_OBJC_IMPLICIT_RETAIN_SELF = YES;
				CLANG_WARN_OBJC_LITERAL_CONVERSION = YES;
				CLANG_WARN_OBJC_ROOT_CLASS = YES_ERROR;
				CLANG_WARN_RANGE_LOOP_ANALYSIS = YES;
				CLANG_WARN_STRICT_PROTOTYPES = YES;
				CLANG_WARN_SUSPICIOUS_MOVE = YES;
				CLANG_WARN_UNGUARDED_AVAILABILITY = YES_AGGRESSIVE;
				CLANG_WARN_UNREACHABLE_CODE = YES;
				CLANG_WARN__DUPLICATE_METHOD_MATCH = YES;
				CODE_SIGN_IDENTITY = "iPhone Developer";
				COPY_PHASE_STRIP = NO;
				DEBUG_INFORMATION_FORMAT = "dwarf-with-dsym";
				ENABLE_NS_ASSERTIONS = NO;
				ENABLE_STRICT_OBJC_MSGSEND = YES;
				GCC_C_LANGUAGE_STANDARD = gnu11;
				GCC_NO_COMMON_BLOCKS = YES;
				GCC_WARN_64_TO_32_BIT_CONVERSION = YES;
				GCC_WARN_ABOUT_RETURN_TYPE = YES_ERROR;
				GCC_WARN_UNDECLARED_SELECTOR = YES;
				GCC_WARN_UNINITIALIZED_AUTOS = YES_AGGRESSIVE;
				GCC_WARN_UNUSED_FUNCTION = YES;
				GCC_WARN_UNUSED_VARIABLE = YES;
				IPHONEOS_DEPLOYMENT_TARGET = 11.3;
				MTL_ENABLE_DEBUG_INFO = NO;
				SDKROOT = iphoneos;
				SWIFT_COMPILATION_MODE = wholemodule;
				SWIFT_OPTIMIZATION_LEVEL = "-O";
				VALIDATE_PRODUCT = YES;
			};
			name = Release;
		};
		C33B530420B1A82C009D602A /* Debug */ = {
			isa = XCBuildConfiguration;
			buildSettings = {
				ASSETCATALOG_COMPILER_APPICON_NAME = AppIcon;
				ASSETCATALOG_COMPILER_LAUNCHIMAGE_NAME = LaunchImage;
				CODE_SIGN_STYLE = Automatic;
				DEVELOPMENT_TEAM = 8S5694XS88;
				INFOPLIST_FILE = IZA/Info.plist;
				IPHONEOS_DEPLOYMENT_TARGET = 11.3;
				LD_RUNPATH_SEARCH_PATHS = (
					"$(inherited)",
					"@executable_path/Frameworks",
				);
				PRODUCT_BUNDLE_IDENTIFIER = com.iza.IZA;
				PRODUCT_NAME = "$(TARGET_NAME)";
				SWIFT_VERSION = 4.0;
				TARGETED_DEVICE_FAMILY = 1;
			};
			name = Debug;
		};
		C33B530520B1A82C009D602A /* Release */ = {
			isa = XCBuildConfiguration;
			buildSettings = {
				ASSETCATALOG_COMPILER_APPICON_NAME = AppIcon;
				ASSETCATALOG_COMPILER_LAUNCHIMAGE_NAME = LaunchImage;
				CODE_SIGN_STYLE = Automatic;
				DEVELOPMENT_TEAM = 8S5694XS88;
				INFOPLIST_FILE = IZA/Info.plist;
				IPHONEOS_DEPLOYMENT_TARGET = 11.3;
				LD_RUNPATH_SEARCH_PATHS = (
					"$(inherited)",
					"@executable_path/Frameworks",
				);
				PRODUCT_BUNDLE_IDENTIFIER = com.iza.IZA;
				PRODUCT_NAME = "$(TARGET_NAME)";
				SWIFT_VERSION = 4.0;
				TARGETED_DEVICE_FAMILY = 1;
			};
			name = Release;
		};
/* End XCBuildConfiguration section */

/* Begin XCConfigurationList section */
		C33B52E920B1A82B009D602A /* Build configuration list for PBXProject "IZA" */ = {
			isa = XCConfigurationList;
			buildConfigurations = (
				C33B530120B1A82C009D602A /* Debug */,
				C33B530220B1A82C009D602A /* Release */,
			);
			defaultConfigurationIsVisible = 0;
			defaultConfigurationName = Release;
		};
		C33B530320B1A82C009D602A /* Build configuration list for PBXNativeTarget "IZA" */ = {
			isa = XCConfigurationList;
			buildConfigurations = (
				C33B530420B1A82C009D602A /* Debug */,
				C33B530520B1A82C009D602A /* Release */,
			);
			defaultConfigurationIsVisible = 0;
			defaultConfigurationName = Release;
		};
/* End XCConfigurationList section */

/* Begin XCVersionGroup section */
		C33B52F820B1A82B009D602A /* IZA.xcdatamodeld */ = {
			isa = XCVersionGroup;
			children = (
				C33B52F920B1A82B009D602A /* IZA.xcdatamodel */,
			);
			currentVersion = C33B52F920B1A82B009D602A /* IZA.xcdatamodel */;
			path = IZA.xcdatamodeld;
			sourceTree = "<group>";
			versionGroupType = wrapper.xcdatamodel;
		};
/* End XCVersionGroup section */
	};
	rootObject = C33B52E620B1A82B009D602A /* Project object */;
}
